
Microsoft Visual Studio Solution File, Format Version 12.00
# Visual Studio 15
VisualStudioVersion = 15.0.27130.2010
MinimumVisualStudioVersion = 10.0.40219.1
Project("{8BC9CEB8-8B4A-11D0-8D11-00A0C91BC942}") = "maniproc", "maniproc\maniproc.vcxproj", "{CDDA5AF0-2D72-4ECB-9097-C225333BF5F5}"
EndProject
Project("{8BC9CEB8-8B4A-11D0-8D11-00A0C91BC942}") = "maniprocwok", "maniprocwok\maniprocwok.vcxproj", "{C4944F3F-9AEF-4E2F-A69D-74F1D0E81E9B}"
EndProject
Global
	GlobalSection(SolutionConfigurationPlatforms) = preSolution
		Debug|x64 = Debug|x64
		Debug|x86 = Debug|x86
		Release|x64 = Release|x64
		Release|x86 = Release|x86
	EndGlobalSection
	GlobalSection(ProjectConfigurationPlatforms) = postSolution
		{CDDA5AF0-2D72-4ECB-9097-C225333BF5F5}.Debug|x64.ActiveCfg = Debug|x64
		{CDDA5AF0-2D72-4ECB-9097-C225333BF5F5}.Debug|x64.Build.0 = Debug|x64
		{CDDA5AF0-2D72-4ECB-9097-C225333BF5F5}.Debug|x86.ActiveCfg = Debug|Win32
		{CDDA5AF0-2D72-4ECB-9097-C225333BF5F5}.Debug|x86.Build.0 = Debug|Win32
		{CDDA5AF0-2D72-4ECB-9097-C225333BF5F5}.Release|x64.ActiveCfg = Release|x64
		{CDDA5AF0-2D72-4ECB-9097-C225333BF5F5}.Release|x64.Build.0 = Release|x64
		{CDDA5AF0-2D72-4ECB-9097-C225333BF5F5}.Release|x86.ActiveCfg = Release|Win32
		{CDDA5AF0-2D72-4ECB-9097-C225333BF5F5}.Release|x86.Build.0 = Release|Win32
		{C4944F3F-9AEF-4E2F-A69D-74F1D0E81E9B}.Debug|x64.ActiveCfg = Debug|x64
		{C4944F3F-9AEF-4E2F-A69D-74F1D0E81E9B}.Debug|x64.Build.0 = Debug|x64
		{C4944F3F-9AEF-4E2F-A69D-74F1D0E81E9B}.Debug|x86.ActiveCfg = Debug|Win32
		{C4944F3F-9AEF-4E2F-A69D-74F1D0E81E9B}.Debug|x86.Build.0 = Debug|Win32
		{C4944F3F-9AEF-4E2F-A69D-74F1D0E81E9B}.Release|x64.ActiveCfg = Release|x64
		{C4944F3F-9AEF-4E2F-A69D-74F1D0E81E9B}.Release|x64.Build.0 = Release|x64
		{C4944F3F-9AEF-4E2F-A69D-74F1D0E81E9B}.Release|x86.ActiveCfg = Release|Win32
		{C4944F3F-9AEF-4E2F-A69D-74F1D0E81E9B}.Release|x86.Build.0 = Release|Win32
	EndGlobalSection
	GlobalSection(SolutionProperties) = preSolution
		HideSolutionNode = FALSE
	EndGlobalSection
	GlobalSection(ExtensibilityGlobals) = postSolution
		SolutionGuid = {36169CA5-C89A-4D13-950D-E5BD93915F9F}
	EndGlobalSection
EndGlobal
